
Microsoft Visual Studio Solution File, Format Version 12.00
# Visual Studio Version 16
VisualStudioVersion = 16.0.28803.452
MinimumVisualStudioVersion = 10.0.40219.1
Project("{FAE04EC0-301F-11D3-BF4B-00C04F79EFBC}") = "TestVPN", "TestVPN\TestVPN.csproj", "{C505C8DD-FE4C-4DD9-8B6B-564F549ECF95}"
EndProject
Global
	GlobalSection(SolutionConfigurationPlatforms) = preSolution
		Debug|Any CPU = Debug|Any CPU
		Release|Any CPU = Release|Any CPU
	EndGlobalSection
	GlobalSection(ProjectConfigurationPlatforms) = postSolution
		{C505C8DD-FE4C-4DD9-8B6B-564F549ECF95}.Debug|Any CPU.ActiveCfg = Debug|Any CPU
		{C505C8DD-FE4C-4DD9-8B6B-564F549ECF95}.Debug|Any CPU.Build.0 = Debug|Any CPU
		{C505C8DD-FE4C-4DD9-8B6B-564F549ECF95}.Release|Any CPU.ActiveCfg = Release|Any CPU
		{C505C8DD-FE4C-4DD9-8B6B-564F549ECF95}.Release|Any CPU.Build.0 = Release|Any CPU
	EndGlobalSection
	GlobalSection(SolutionProperties) = preSolution
		HideSolutionNode = FALSE
	EndGlobalSection
	GlobalSection(ExtensibilityGlobals) = postSolution
		SolutionGuid = {1859EF84-4D79-4C27-ABF4-B439B41454AE}
	EndGlobalSection
EndGlobal
